github.com/Jeffail/tunny v0.1.4 h1:chtpdz+nUtaYQeCKlNBg6GycFF/kGVHOr6A3cmzTJXs=
github.com/Jeffail/tunny v0.1.4/go.mod h1:P8xAx4XQl0xsuhjX1DtfaMDCSuavzdb2rwbd0lk+fvo=
github.com/johnsiilver/pools v0.0.0-20221216174331-e94bf08bc72b h1:sIZtQridmiITb9d2MvDGw9rQdPw6jmk05yqhaHPD89c=
github.com/johnsiilver/pools v0.0.0-20221216174331-e94bf08bc72b/go.mod h1:osszhplWw692dfSpy5d8kQogHXD9SwjqFM+mOu8YCIo=
